{
  "originHash" : "924c2127b532df9e156fe8291580e2a5154be4f6d06eac5e297f17eb9e87fc9a",
  "pins" : [
    {
      "identity" : "ios-sdk",
      "kind" : "remoteSourceControl",
      "location" : "https://github.com/spotify/ios-sdk",
      "state" : {
        "branch" : "v3.0.0",
        "revision" : "af71ec0bcf3baa7ec88c72119b7fdf65eb91fd67"
      }
    },
    {
      "identity" : "zipfoundation",
      "kind" : "remoteSourceControl",
      "location" : "https://github.com/weichsel/ZIPFoundation.git",
      "state" : {
        "revision" : "02b6abe5f6eef7e3cbd5f247c5cc24e246efcfe0",
        "version" : "0.9.19"
      }
    }
  ],
  "version" : 3
}
