// !$*UTF8*$!
{
	archiveVersion = 1;
	classes = {
	};
	objectVersion = 56;
	objects = {

/* Begin PBXBuildFile section */
		A90268CC2B932DC500052FB3 /* IC_SpotifyDefaultViewModel.swift in Sources */ = {isa = PBXBuildFile; fileRef = A90268CB2B932DC500052FB3 /* IC_SpotifyDefaultViewModel.swift */; };
		A90269722B936D1000052FB3 /* NSPersistentContainer+extension.swift in Sources */ = {isa = PBXBuildFile; fileRef = A90269712B936D1000052FB3 /* NSPersistentContainer+extension.swift */; };
		A90269752B93743A00052FB3 /* ZIPFoundation in Frameworks */ = {isa = PBXBuildFile; productRef = A90269742B93743A00052FB3 /* ZIPFoundation */; };
		A942B6012B8BA33E00BC2D73 /* IC_MusicApp.swift in Sources */ = {isa = PBXBuildFile; fileRef = A942B6002B8BA33E00BC2D73 /* IC_MusicApp.swift */; };
		A942B60A2B8BA34000BC2D73 /* Persistence.swift in Sources */ = {isa = PBXBuildFile; fileRef = A942B6092B8BA34000BC2D73 /* Persistence.swift */; };
		A942B60D2B8BA34000BC2D73 /* IC_Music.xcdatamodeld in Sources */ = {isa = PBXBuildFile; fileRef = A942B60B2B8BA34000BC2D73 /* IC_Music.xcdatamodeld */; };
		A942B69C2B8BC5ED00BC2D73 /* IC_SpotifyLoginView.swift in Sources */ = {isa = PBXBuildFile; fileRef = A942B69B2B8BC5ED00BC2D73 /* IC_SpotifyLoginView.swift */; };
		A965A5252B94F3D500FB98BE /* ZipFile.swift in Sources */ = {isa = PBXBuildFile; fileRef = A965A5242B94F3D500FB98BE /* ZipFile.swift */; };
		A9A4CC492B8DF05100DE9B22 /* IC_SpinningPlaylistView.swift in Sources */ = {isa = PBXBuildFile; fileRef = A9A4CC482B8DF05100DE9B22 /* IC_SpinningPlaylistView.swift */; };
		A9C4D2C72B9C2E3600CA1233 /* IC_SpotifyLoginViewModel.swift in Sources */ = {isa = PBXBuildFile; fileRef = A9C4D2C62B9C2E3600CA1233 /* IC_SpotifyLoginViewModel.swift */; };
		A9C4D2C92B9C2F2F00CA1233 /* IC_SpotifyAccessToken.swift in Sources */ = {isa = PBXBuildFile; fileRef = A9C4D2C82B9C2F2F00CA1233 /* IC_SpotifyAccessToken.swift */; };
		A9C4D2CB2B9C2F8100CA1233 /* IC_SpotifyAPIDefaultHandler.swift in Sources */ = {isa = PBXBuildFile; fileRef = A9C4D2CA2B9C2F8100CA1233 /* IC_SpotifyAPIDefaultHandler.swift */; };
		A9C4D2CD2B9C2FB300CA1233 /* IC_SpotifyAPIError.swift in Sources */ = {isa = PBXBuildFile; fileRef = A9C4D2CC2B9C2FB300CA1233 /* IC_SpotifyAPIError.swift */; };
		A9C4D2CF2B9C316700CA1233 /* IC_Constants.swift in Sources */ = {isa = PBXBuildFile; fileRef = A9C4D2CE2B9C316700CA1233 /* IC_Constants.swift */; };
		A9C4D2D22B9C334800CA1233 /* SpotifyiOS in Frameworks */ = {isa = PBXBuildFile; productRef = A9C4D2D12B9C334800CA1233 /* SpotifyiOS */; };
		A9C4D2D42B9C34BD00CA1233 /* README.md in Resources */ = {isa = PBXBuildFile; fileRef = A9C4D2D32B9C34BD00CA1233 /* README.md */; };
		A9C4ED1D2B8DF7840024C4B3 /* IC_TrackDetailView.swift in Sources */ = {isa = PBXBuildFile; fileRef = A9C4ED1C2B8DF7840024C4B3 /* IC_TrackDetailView.swift */; };
		A9C4ED1E2B8DFC530024C4B3 /* Assets.xcassets in Resources */ = {isa = PBXBuildFile; fileRef = A942B6042B8BA34000BC2D73 /* Assets.xcassets */; };
/* End PBXBuildFile section */

/* Begin PBXFileReference section */
		A90268CB2B932DC500052FB3 /* IC_SpotifyDefaultViewModel.swift */ = {isa = PBXFileReference; fileEncoding = 4; lastKnownFileType = sourcecode.swift; path = IC_SpotifyDefaultViewModel.swift; sourceTree = "<group>"; };
		A90269712B936D1000052FB3 /* NSPersistentContainer+extension.swift */ = {isa = PBXFileReference; fileEncoding = 4; lastKnownFileType = sourcecode.swift; path = "NSPersistentContainer+extension.swift"; sourceTree = "<group>"; };
		A942B5FD2B8BA33E00BC2D73 /* IC Music.app */ = {isa = PBXFileReference; explicitFileType = wrapper.application; includeInIndex = 0; path = "IC Music.app"; sourceTree = BUILT_PRODUCTS_DIR; };
		A942B6002B8BA33E00BC2D73 /* IC_MusicApp.swift */ = {isa = PBXFileReference; lastKnownFileType = sourcecode.swift; path = IC_MusicApp.swift; sourceTree = "<group>"; };
		A942B6042B8BA34000BC2D73 /* Assets.xcassets */ = {isa = PBXFileReference; lastKnownFileType = folder.assetcatalog; path = Assets.xcassets; sourceTree = "<group>"; };
		A942B6072B8BA34000BC2D73 /* Preview Assets.xcassets */ = {isa = PBXFileReference; lastKnownFileType = folder.assetcatalog; path = "Preview Assets.xcassets"; sourceTree = "<group>"; };
		A942B6092B8BA34000BC2D73 /* Persistence.swift */ = {isa = PBXFileReference; lastKnownFileType = sourcecode.swift; path = Persistence.swift; sourceTree = "<group>"; };
		A942B60C2B8BA34000BC2D73 /* IC_Music.xcdatamodel */ = {isa = PBXFileReference; lastKnownFileType = wrapper.xcdatamodel; path = IC_Music.xcdatamodel; sourceTree = "<group>"; };
		A942B68E2B8BA60500BC2D73 /* IC-Music-Info.plist */ = {isa = PBXFileReference; lastKnownFileType = text.plist; path = "IC-Music-Info.plist"; sourceTree = SOURCE_ROOT; };
		A942B6902B8BA89700BC2D73 /* IC-Music-Bridging-Header.h */ = {isa = PBXFileReference; fileEncoding = 4; lastKnownFileType = sourcecode.c.h; path = "IC-Music-Bridging-Header.h"; sourceTree = "<group>"; };
		A942B69B2B8BC5ED00BC2D73 /* IC_SpotifyLoginView.swift */ = {isa = PBXFileReference; lastKnownFileType = sourcecode.swift; path = IC_SpotifyLoginView.swift; sourceTree = "<group>"; };
		A965A5242B94F3D500FB98BE /* ZipFile.swift */ = {isa = PBXFileReference; lastKnownFileType = sourcecode.swift; path = ZipFile.swift; sourceTree = "<group>"; };
		A9A4CC482B8DF05100DE9B22 /* IC_SpinningPlaylistView.swift */ = {isa = PBXFileReference; fileEncoding = 4; lastKnownFileType = sourcecode.swift; path = IC_SpinningPlaylistView.swift; sourceTree = "<group>"; };
		A9C4D2C62B9C2E3600CA1233 /* IC_SpotifyLoginViewModel.swift */ = {isa = PBXFileReference; lastKnownFileType = sourcecode.swift; path = IC_SpotifyLoginViewModel.swift; sourceTree = "<group>"; };
		A9C4D2C82B9C2F2F00CA1233 /* IC_SpotifyAccessToken.swift */ = {isa = PBXFileReference; fileEncoding = 4; lastKnownFileType = sourcecode.swift; path = IC_SpotifyAccessToken.swift; sourceTree = "<group>"; };
		A9C4D2CA2B9C2F8100CA1233 /* IC_SpotifyAPIDefaultHandler.swift */ = {isa = PBXFileReference; lastKnownFileType = sourcecode.swift; path = IC_SpotifyAPIDefaultHandler.swift; sourceTree = "<group>"; };
		A9C4D2CC2B9C2FB300CA1233 /* IC_SpotifyAPIError.swift */ = {isa = PBXFileReference; lastKnownFileType = sourcecode.swift; path = IC_SpotifyAPIError.swift; sourceTree = "<group>"; };
		A9C4D2CE2B9C316700CA1233 /* IC_Constants.swift */ = {isa = PBXFileReference; fileEncoding = 4; lastKnownFileType = sourcecode.swift; path = IC_Constants.swift; sourceTree = "<group>"; };
		A9C4D2D32B9C34BD00CA1233 /* README.md */ = {isa = PBXFileReference; fileEncoding = 4; lastKnownFileType = net.daringfireball.markdown; path = README.md; sourceTree = "<group>"; };
		A9C4ED1C2B8DF7840024C4B3 /* IC_TrackDetailView.swift */ = {isa = PBXFileReference; fileEncoding = 4; lastKnownFileType = sourcecode.swift; path = IC_TrackDetailView.swift; sourceTree = "<group>"; };
/* End PBXFileReference section */

/* Begin PBXFrameworksBuildPhase section */
		A942B5FA2B8BA33E00BC2D73 /* Frameworks */ = {
			isa = PBXFrameworksBuildPhase;
			buildActionMask = 2147483647;
			files = (
				A9C4D2D22B9C334800CA1233 /* SpotifyiOS in Frameworks */,
				A90269752B93743A00052FB3 /* ZIPFoundation in Frameworks */,
			);
			runOnlyForDeploymentPostprocessing = 0;
		};
/* End PBXFrameworksBuildPhase section */

/* Begin PBXGroup section */
		A942B5F42B8BA33E00BC2D73 = {
			isa = PBXGroup;
			children = (
				A9C4D2D32B9C34BD00CA1233 /* README.md */,
				A942B5FF2B8BA33E00BC2D73 /* IC Music */,
				A942B5FE2B8BA33E00BC2D73 /* Products */,
				A942B6932B8BAABE00BC2D73 /* Frameworks */,
			);
			sourceTree = "<group>";
		};
		A942B5FE2B8BA33E00BC2D73 /* Products */ = {
			isa = PBXGroup;
			children = (
				A942B5FD2B8BA33E00BC2D73 /* IC Music.app */,
			);
			name = Products;
			sourceTree = "<group>";
		};
		A942B5FF2B8BA33E00BC2D73 /* IC Music */ = {
			isa = PBXGroup;
			children = (
				A942B6042B8BA34000BC2D73 /* Assets.xcassets */,
				A9C4D2CE2B9C316700CA1233 /* IC_Constants.swift */,
				A942B60B2B8BA34000BC2D73 /* IC_Music.xcdatamodeld */,
				A942B6002B8BA33E00BC2D73 /* IC_MusicApp.swift */,
				A9A4CC482B8DF05100DE9B22 /* IC_SpinningPlaylistView.swift */,
				A9C4D2C82B9C2F2F00CA1233 /* IC_SpotifyAccessToken.swift */,
				A9C4D2CA2B9C2F8100CA1233 /* IC_SpotifyAPIDefaultHandler.swift */,
				A9C4D2CC2B9C2FB300CA1233 /* IC_SpotifyAPIError.swift */,
				A90268CB2B932DC500052FB3 /* IC_SpotifyDefaultViewModel.swift */,
				A942B69B2B8BC5ED00BC2D73 /* IC_SpotifyLoginView.swift */,
				A9C4D2C62B9C2E3600CA1233 /* IC_SpotifyLoginViewModel.swift */,
				A9C4ED1C2B8DF7840024C4B3 /* IC_TrackDetailView.swift */,
				A942B6902B8BA89700BC2D73 /* IC-Music-Bridging-Header.h */,
				A942B68E2B8BA60500BC2D73 /* IC-Music-Info.plist */,
				A90269712B936D1000052FB3 /* NSPersistentContainer+extension.swift */,
				A942B6092B8BA34000BC2D73 /* Persistence.swift */,
				A942B6062B8BA34000BC2D73 /* Preview Content */,
				A965A5242B94F3D500FB98BE /* ZipFile.swift */,
			);
			path = "IC Music";
			sourceTree = "<group>";
		};
		A942B6062B8BA34000BC2D73 /* Preview Content */ = {
			isa = PBXGroup;
			children = (
				A942B6072B8BA34000BC2D73 /* Preview Assets.xcassets */,
			);
			path = "Preview Content";
			sourceTree = "<group>";
		};
		A942B6932B8BAABE00BC2D73 /* Frameworks */ = {
			isa = PBXGroup;
			children = (
			);
			name = Frameworks;
			sourceTree = "<group>";
		};
/* End PBXGroup section */

/* Begin PBXNativeTarget section */
		A942B5FC2B8BA33E00BC2D73 /* IC Music */ = {
			isa = PBXNativeTarget;
			buildConfigurationList = A942B6102B8BA34000BC2D73 /* Build configuration list for PBXNativeTarget "IC Music" */;
			buildPhases = (
				A942B5F92B8BA33E00BC2D73 /* Sources */,
				A942B5FA2B8BA33E00BC2D73 /* Frameworks */,
				A942B5FB2B8BA33E00BC2D73 /* Resources */,
			);
			buildRules = (
			);
			dependencies = (
			);
			name = "IC Music";
			packageProductDependencies = (
				A90269742B93743A00052FB3 /* ZIPFoundation */,
				A9C4D2D12B9C334800CA1233 /* SpotifyiOS */,
			);
			productName = "IC Music";
			productReference = A942B5FD2B8BA33E00BC2D73 /* IC Music.app */;
			productType = "com.apple.product-type.application";
		};
/* End PBXNativeTarget section */

/* Begin PBXProject section */
		A942B5F52B8BA33E00BC2D73 /* Project object */ = {
			isa = PBXProject;
			attributes = {
				BuildIndependentTargetsInParallel = 1;
				LastSwiftUpdateCheck = 1520;
				LastUpgradeCheck = 1520;
				TargetAttributes = {
					A942B5FC2B8BA33E00BC2D73 = {
						CreatedOnToolsVersion = 15.2;
					};
				};
			};
			buildConfigurationList = A942B5F82B8BA33E00BC2D73 /* Build configuration list for PBXProject "IC Music" */;
			compatibilityVersion = "Xcode 14.0";
			developmentRegion = en;
			hasScannedForEncodings = 0;
			knownRegions = (
				en,
				Base,
			);
			mainGroup = A942B5F42B8BA33E00BC2D73;
			packageReferences = (
				A90269732B93743A00052FB3 /* XCRemoteSwiftPackageReference "ZIPFoundation" */,
				A9C4D2D02B9C334800CA1233 /* XCRemoteSwiftPackageReference "ios-sdk" */,
			);
			productRefGroup = A942B5FE2B8BA33E00BC2D73 /* Products */;
			projectDirPath = "";
			projectRoot = "";
			targets = (
				A942B5FC2B8BA33E00BC2D73 /* IC Music */,
			);
		};
/* End PBXProject section */

/* Begin PBXResourcesBuildPhase section */
		A942B5FB2B8BA33E00BC2D73 /* Resources */ = {
			isa = PBXResourcesBuildPhase;
			buildActionMask = 2147483647;
			files = (
				A9C4D2D42B9C34BD00CA1233 /* README.md in Resources */,
				A9C4ED1E2B8DFC530024C4B3 /* Assets.xcassets in Resources */,
			);
			runOnlyForDeploymentPostprocessing = 0;
		};
/* End PBXResourcesBuildPhase section */

/* Begin PBXSourcesBuildPhase section */
		A942B5F92B8BA33E00BC2D73 /* Sources */ = {
			isa = PBXSourcesBuildPhase;
			buildActionMask = 2147483647;
			files = (
				A9C4D2C92B9C2F2F00CA1233 /* IC_SpotifyAccessToken.swift in Sources */,
				A9C4D2C72B9C2E3600CA1233 /* IC_SpotifyLoginViewModel.swift in Sources */,
				A9A4CC492B8DF05100DE9B22 /* IC_SpinningPlaylistView.swift in Sources */,
				A9C4D2CB2B9C2F8100CA1233 /* IC_SpotifyAPIDefaultHandler.swift in Sources */,
				A90268CC2B932DC500052FB3 /* IC_SpotifyDefaultViewModel.swift in Sources */,
				A965A5252B94F3D500FB98BE /* ZipFile.swift in Sources */,
				A942B60A2B8BA34000BC2D73 /* Persistence.swift in Sources */,
				A9C4D2CF2B9C316700CA1233 /* IC_Constants.swift in Sources */,
				A942B69C2B8BC5ED00BC2D73 /* IC_SpotifyLoginView.swift in Sources */,
				A942B60D2B8BA34000BC2D73 /* IC_Music.xcdatamodeld in Sources */,
				A942B6012B8BA33E00BC2D73 /* IC_MusicApp.swift in Sources */,
				A90269722B936D1000052FB3 /* NSPersistentContainer+extension.swift in Sources */,
				A9C4D2CD2B9C2FB300CA1233 /* IC_SpotifyAPIError.swift in Sources */,
				A9C4ED1D2B8DF7840024C4B3 /* IC_TrackDetailView.swift in Sources */,
			);
			runOnlyForDeploymentPostprocessing = 0;
		};
/* End PBXSourcesBuildPhase section */

/* Begin XCBuildConfiguration section */
		A942B60E2B8BA34000BC2D73 /* Debug */ = {
			isa = XCBuildConfiguration;
			buildSettings = {
				ALWAYS_SEARCH_USER_PATHS = NO;
				ASSETCATALOG_COMPILER_GENERATE_SWIFT_ASSET_SYMBOL_EXTENSIONS = YES;
				CLANG_ANALYZER_NONNULL = YES;
				CLANG_ANALYZER_NUMBER_OBJECT_CONVERSION = YES_AGGRESSIVE;
				CLANG_CXX_LANGUAGE_STANDARD = "gnu++20";
				CLANG_ENABLE_MODULES = YES;
				CLANG_ENABLE_OBJC_ARC = YES;
				CLANG_ENABLE_OBJC_WEAK = YES;
				CLANG_WARN_BLOCK_CAPTURE_AUTORELEASING = YES;
				CLANG_WARN_BOOL_CONVERSION = YES;
				CLANG_WARN_COMMA = YES;
				CLANG_WARN_CONSTANT_CONVERSION = YES;
				CLANG_WARN_DEPRECATED_OBJC_IMPLEMENTATIONS = YES;
				CLANG_WARN_DIRECT_OBJC_ISA_USAGE = YES_ERROR;
				CLANG_WARN_DOCUMENTATION_COMMENTS = YES;
				CLANG_WARN_EMPTY_BODY = YES;
				CLANG_WARN_ENUM_CONVERSION = YES;
				CLANG_WARN_INFINITE_RECURSION = YES;
				CLANG_WARN_INT_CONVERSION = YES;
				CLANG_WARN_NON_LITERAL_NULL_CONVERSION = YES;
				CLANG_WARN_OBJC_IMPLICIT_RETAIN_SELF = YES;
				CLANG_WARN_OBJC_LITERAL_CONVERSION = YES;
				CLANG_WARN_OBJC_ROOT_CLASS = YES_ERROR;
				CLANG_WARN_QUOTED_INCLUDE_IN_FRAMEWORK_HEADER = YES;
				CLANG_WARN_RANGE_LOOP_ANALYSIS = YES;
				CLANG_WARN_STRICT_PROTOTYPES = YES;
				CLANG_WARN_SUSPICIOUS_MOVE = YES;
				CLANG_WARN_UNGUARDED_AVAILABILITY = YES_AGGRESSIVE;
				CLANG_WARN_UNREACHABLE_CODE = YES;
				CLANG_WARN__DUPLICATE_METHOD_MATCH = YES;
				COPY_PHASE_STRIP = NO;
				DEBUG_INFORMATION_FORMAT = dwarf;
				ENABLE_STRICT_OBJC_MSGSEND = YES;
				ENABLE_TESTABILITY = YES;
				ENABLE_USER_SCRIPT_SANDBOXING = YES;
				GCC_C_LANGUAGE_STANDARD = gnu17;
				GCC_DYNAMIC_NO_PIC = NO;
				GCC_NO_COMMON_BLOCKS = YES;
				GCC_OPTIMIZATION_LEVEL = 0;
				GCC_PREPROCESSOR_DEFINITIONS = (
					"DEBUG=1",
					"$(inherited)",
				);
				GCC_WARN_64_TO_32_BIT_CONVERSION = YES;
				GCC_WARN_ABOUT_RETURN_TYPE = YES_ERROR;
				GCC_WARN_UNDECLARED_SELECTOR = YES;
				GCC_WARN_UNINITIALIZED_AUTOS = YES_AGGRESSIVE;
				GCC_WARN_UNUSED_FUNCTION = YES;
				GCC_WARN_UNUSED_VARIABLE = YES;
				IPHONEOS_DEPLOYMENT_TARGET = 17.2;
				LOCALIZATION_PREFERS_STRING_CATALOGS = YES;
				MTL_ENABLE_DEBUG_INFO = INCLUDE_SOURCE;
				MTL_FAST_MATH = YES;
				ONLY_ACTIVE_ARCH = YES;
				SDKROOT = iphoneos;
				SWIFT_ACTIVE_COMPILATION_CONDITIONS = "DEBUG $(inherited)";
				SWIFT_OPTIMIZATION_LEVEL = "-Onone";
			};
			name = Debug;
		};
		A942B60F2B8BA34000BC2D73 /* Release */ = {
			isa = XCBuildConfiguration;
			buildSettings = {
				ALWAYS_SEARCH_USER_PATHS = NO;
				ASSETCATALOG_COMPILER_GENERATE_SWIFT_ASSET_SYMBOL_EXTENSIONS = YES;
				CLANG_ANALYZER_NONNULL = YES;
				CLANG_ANALYZER_NUMBER_OBJECT_CONVERSION = YES_AGGRESSIVE;
				CLANG_CXX_LANGUAGE_STANDARD = "gnu++20";
				CLANG_ENABLE_MODULES = YES;
				CLANG_ENABLE_OBJC_ARC = YES;
				CLANG_ENABLE_OBJC_WEAK = YES;
				CLANG_WARN_BLOCK_CAPTURE_AUTORELEASING = YES;
				CLANG_WARN_BOOL_CONVERSION = YES;
				CLANG_WARN_COMMA = YES;
				CLANG_WARN_CONSTANT_CONVERSION = YES;
				CLANG_WARN_DEPRECATED_OBJC_IMPLEMENTATIONS = YES;
				CLANG_WARN_DIRECT_OBJC_ISA_USAGE = YES_ERROR;
				CLANG_WARN_DOCUMENTATION_COMMENTS = YES;
				CLANG_WARN_EMPTY_BODY = YES;
				CLANG_WARN_ENUM_CONVERSION = YES;
				CLANG_WARN_INFINITE_RECURSION = YES;
				CLANG_WARN_INT_CONVERSION = YES;
				CLANG_WARN_NON_LITERAL_NULL_CONVERSION = YES;
				CLANG_WARN_OBJC_IMPLICIT_RETAIN_SELF = YES;
				CLANG_WARN_OBJC_LITERAL_CONVERSION = YES;
				CLANG_WARN_OBJC_ROOT_CLASS = YES_ERROR;
				CLANG_WARN_QUOTED_INCLUDE_IN_FRAMEWORK_HEADER = YES;
				CLANG_WARN_RANGE_LOOP_ANALYSIS = YES;
				CLANG_WARN_STRICT_PROTOTYPES = YES;
				CLANG_WARN_SUSPICIOUS_MOVE = YES;
				CLANG_WARN_UNGUARDED_AVAILABILITY = YES_AGGRESSIVE;
				CLANG_WARN_UNREACHABLE_CODE = YES;
				CLANG_WARN__DUPLICATE_METHOD_MATCH = YES;
				COPY_PHASE_STRIP = NO;
				DEBUG_INFORMATION_FORMAT = "dwarf-with-dsym";
				ENABLE_NS_ASSERTIONS = NO;
				ENABLE_STRICT_OBJC_MSGSEND = YES;
				ENABLE_USER_SCRIPT_SANDBOXING = YES;
				GCC_C_LANGUAGE_STANDARD = gnu17;
				GCC_NO_COMMON_BLOCKS = YES;
				GCC_WARN_64_TO_32_BIT_CONVERSION = YES;
				GCC_WARN_ABOUT_RETURN_TYPE = YES_ERROR;
				GCC_WARN_UNDECLARED_SELECTOR = YES;
				GCC_WARN_UNINITIALIZED_AUTOS = YES_AGGRESSIVE;
				GCC_WARN_UNUSED_FUNCTION = YES;
				GCC_WARN_UNUSED_VARIABLE = YES;
				IPHONEOS_DEPLOYMENT_TARGET = 17.2;
				LOCALIZATION_PREFERS_STRING_CATALOGS = YES;
				MTL_ENABLE_DEBUG_INFO = NO;
				MTL_FAST_MATH = YES;
				SDKROOT = iphoneos;
				SWIFT_COMPILATION_MODE = wholemodule;
				VALIDATE_PRODUCT = YES;
			};
			name = Release;
		};
		A942B6112B8BA34000BC2D73 /* Debug */ = {
			isa = XCBuildConfiguration;
			buildSettings = {
				ASSETCATALOG_COMPILER_APPICON_NAME = AppIcon;
				ASSETCATALOG_COMPILER_GLOBAL_ACCENT_COLOR_NAME = AccentColor;
				ASSETCATALOG_COMPILER_INCLUDE_ALL_APPICON_ASSETS = NO;
				CODE_SIGN_STYLE = Automatic;
				CURRENT_PROJECT_VERSION = 1;
				DEVELOPMENT_ASSET_PATHS = "\"IC Music/Preview Content\"";
				DEVELOPMENT_TEAM = 98FL64PG3R;
				ENABLE_PREVIEWS = YES;
				FRAMEWORK_SEARCH_PATHS = (
					"$(inherited)",
					"$(PROJECT_DIR)/IC\\ Music/Preview\\ Content",
					"$(PROJECT_DIR)",
				);
				GENERATE_INFOPLIST_FILE = YES;
				INFOPLIST_FILE = "IC-Music-Info.plist";
				INFOPLIST_KEY_LSSupportsOpeningDocumentsInPlace = YES;
				INFOPLIST_KEY_UIApplicationSceneManifest_Generation = YES;
				INFOPLIST_KEY_UIApplicationSupportsIndirectInputEvents = YES;
				INFOPLIST_KEY_UILaunchScreen_Generation = YES;
				INFOPLIST_KEY_UISupportedInterfaceOrientations_iPad = "UIInterfaceOrientationPortrait UIInterfaceOrientationPortraitUpsideDown UIInterfaceOrientationLandscapeLeft UIInterfaceOrientationLandscapeRight";
				INFOPLIST_KEY_UISupportedInterfaceOrientations_iPhone = "UIInterfaceOrientationPortrait UIInterfaceOrientationLandscapeLeft UIInterfaceOrientationLandscapeRight";
				IPHONEOS_DEPLOYMENT_TARGET = 17.2;
				LD_RUNPATH_SEARCH_PATHS = (
					"$(inherited)",
					"@executable_path/Frameworks",
				);
				MARKETING_VERSION = 1.0;
				OTHER_LDFLAGS = "-ObjC";
				OTHER_SWIFT_FLAGS = "-DZIP_FILE";
				PRODUCT_BUNDLE_IDENTIFIER = "de.andreasfranke.IC-Music";
				PRODUCT_NAME = "$(TARGET_NAME)";
				SWIFT_EMIT_LOC_STRINGS = YES;
				SWIFT_OBJC_BRIDGING_HEADER = "IC Music/IC-Music-Bridging-Header.h";
				SWIFT_VERSION = 5.0;
				TARGETED_DEVICE_FAMILY = "1,2";
			};
			name = Debug;
		};
		A942B6122B8BA34000BC2D73 /* Release */ = {
			isa = XCBuildConfiguration;
			buildSettings = {
				ASSETCATALOG_COMPILER_APPICON_NAME = AppIcon;
				ASSETCATALOG_COMPILER_GLOBAL_ACCENT_COLOR_NAME = AccentColor;
				ASSETCATALOG_COMPILER_INCLUDE_ALL_APPICON_ASSETS = NO;
				CODE_SIGN_STYLE = Automatic;
				CURRENT_PROJECT_VERSION = 1;
				DEVELOPMENT_ASSET_PATHS = "\"IC Music/Preview Content\"";
				DEVELOPMENT_TEAM = 98FL64PG3R;
				ENABLE_PREVIEWS = YES;
				FRAMEWORK_SEARCH_PATHS = (
					"$(inherited)",
					"$(PROJECT_DIR)/IC\\ Music/Preview\\ Content",
					"$(PROJECT_DIR)",
				);
				GENERATE_INFOPLIST_FILE = YES;
				INFOPLIST_FILE = "IC-Music-Info.plist";
				INFOPLIST_KEY_LSSupportsOpeningDocumentsInPlace = YES;
				INFOPLIST_KEY_UIApplicationSceneManifest_Generation = YES;
				INFOPLIST_KEY_UIApplicationSupportsIndirectInputEvents = YES;
				INFOPLIST_KEY_UILaunchScreen_Generation = YES;
				INFOPLIST_KEY_UISupportedInterfaceOrientations_iPad = "UIInterfaceOrientationPortrait UIInterfaceOrientationPortraitUpsideDown UIInterfaceOrientationLandscapeLeft UIInterfaceOrientationLandscapeRight";
				INFOPLIST_KEY_UISupportedInterfaceOrientations_iPhone = "UIInterfaceOrientationPortrait UIInterfaceOrientationLandscapeLeft UIInterfaceOrientationLandscapeRight";
				IPHONEOS_DEPLOYMENT_TARGET = 17.2;
				LD_RUNPATH_SEARCH_PATHS = (
					"$(inherited)",
					"@executable_path/Frameworks",
				);
				MARKETING_VERSION = 1.0;
				OTHER_LDFLAGS = "-ObjC";
				OTHER_SWIFT_FLAGS = "-DZIP_FILE";
				PRODUCT_BUNDLE_IDENTIFIER = "de.andreasfranke.IC-Music";
				PRODUCT_NAME = "$(TARGET_NAME)";
				SWIFT_EMIT_LOC_STRINGS = YES;
				SWIFT_OBJC_BRIDGING_HEADER = "IC Music/IC-Music-Bridging-Header.h";
				SWIFT_VERSION = 5.0;
				TARGETED_DEVICE_FAMILY = "1,2";
			};
			name = Release;
		};
/* End XCBuildConfiguration section */

/* Begin XCConfigurationList section */
		A942B5F82B8BA33E00BC2D73 /* Build configuration list for PBXProject "IC Music" */ = {
			isa = XCConfigurationList;
			buildConfigurations = (
				A942B60E2B8BA34000BC2D73 /* Debug */,
				A942B60F2B8BA34000BC2D73 /* Release */,
			);
			defaultConfigurationIsVisible = 0;
			defaultConfigurationName = Release;
		};
		A942B6102B8BA34000BC2D73 /* Build configuration list for PBXNativeTarget "IC Music" */ = {
			isa = XCConfigurationList;
			buildConfigurations = (
				A942B6112B8BA34000BC2D73 /* Debug */,
				A942B6122B8BA34000BC2D73 /* Release */,
			);
			defaultConfigurationIsVisible = 0;
			defaultConfigurationName = Release;
		};
/* End XCConfigurationList section */

/* Begin XCRemoteSwiftPackageReference section */
		A90269732B93743A00052FB3 /* XCRemoteSwiftPackageReference "ZIPFoundation" */ = {
			isa = XCRemoteSwiftPackageReference;
			repositoryURL = "https://github.com/weichsel/ZIPFoundation.git";
			requirement = {
				kind = upToNextMajorVersion;
				minimumVersion = 0.9.18;
			};
		};
		A9C4D2D02B9C334800CA1233 /* XCRemoteSwiftPackageReference "ios-sdk" */ = {
			isa = XCRemoteSwiftPackageReference;
			repositoryURL = "https://github.com/spotify/ios-sdk";
			requirement = {
				kind = upToNextMajorVersion;
				minimumVersion = 1.0.0;
			};
		};
/* End XCRemoteSwiftPackageReference section */

/* Begin XCSwiftPackageProductDependency section */
		A90269742B93743A00052FB3 /* ZIPFoundation */ = {
			isa = XCSwiftPackageProductDependency;
			package = A90269732B93743A00052FB3 /* XCRemoteSwiftPackageReference "ZIPFoundation" */;
			productName = ZIPFoundation;
		};
		A9C4D2D12B9C334800CA1233 /* SpotifyiOS */ = {
			isa = XCSwiftPackageProductDependency;
			package = A9C4D2D02B9C334800CA1233 /* XCRemoteSwiftPackageReference "ios-sdk" */;
			productName = SpotifyiOS;
		};
/* End XCSwiftPackageProductDependency section */

/* Begin XCVersionGroup section */
		A942B60B2B8BA34000BC2D73 /* IC_Music.xcdatamodeld */ = {
			isa = XCVersionGroup;
			children = (
				A942B60C2B8BA34000BC2D73 /* IC_Music.xcdatamodel */,
			);
			currentVersion = A942B60C2B8BA34000BC2D73 /* IC_Music.xcdatamodel */;
			path = IC_Music.xcdatamodeld;
			sourceTree = "<group>";
			versionGroupType = wrapper.xcdatamodel;
		};
/* End XCVersionGroup section */
	};
	rootObject = A942B5F52B8BA33E00BC2D73 /* Project object */;
}
